
Microsoft Visual Studio Solution File, Format Version 12.00
# Visual Studio 15
Project("{FAE04EC0-301F-11D3-BF4B-00C04F79EFBC}") = "Assembly-CSharp", "Assembly-CSharp.csproj", "{31BE4F6A-1795-9BF7-DCC8-38728CFB9A34}"
EndProject
Project("{FAE04EC0-301F-11D3-BF4B-00C04F79EFBC}") = "Assembly-CSharp-Editor", "Assembly-CSharp-Editor.csproj", "{AF7BDAC8-A5A6-3956-35B0-52069B884B18}"
EndProject
Global
	GlobalSection(SolutionConfigurationPlatforms) = preSolution
		Debug|Any CPU = Debug|Any CPU
		Release|Any CPU = Release|Any CPU
	EndGlobalSection
	GlobalSection(ProjectConfigurationPlatforms) = postSolution
		{31BE4F6A-1795-9BF7-DCC8-38728CFB9A34}.Debug|Any CPU.ActiveCfg = Debug|Any CPU
		{31BE4F6A-1795-9BF7-DCC8-38728CFB9A34}.Debug|Any CPU.Build.0 = Debug|Any CPU
		{31BE4F6A-1795-9BF7-DCC8-38728CFB9A34}.Release|Any CPU.ActiveCfg = Release|Any CPU
		{31BE4F6A-1795-9BF7-DCC8-38728CFB9A34}.Release|Any CPU.Build.0 = Release|Any CPU
		{AF7BDAC8-A5A6-3956-35B0-52069B884B18}.Debug|Any CPU.ActiveCfg = Debug|Any CPU
		{AF7BDAC8-A5A6-3956-35B0-52069B884B18}.Debug|Any CPU.Build.0 = Debug|Any CPU
		{AF7BDAC8-A5A6-3956-35B0-52069B884B18}.Release|Any CPU.ActiveCfg = Release|Any CPU
		{AF7BDAC8-A5A6-3956-35B0-52069B884B18}.Release|Any CPU.Build.0 = Release|Any CPU
	EndGlobalSection
	GlobalSection(SolutionProperties) = preSolution
		HideSolutionNode = FALSE
	EndGlobalSection
EndGlobal
